
Microsoft Visual Studio Solution File, Format Version 12.00
# Visual Studio 15
VisualStudioVersion = 15.0.26430.12
MinimumVisualStudioVersion = 10.0.40219.1
Project("{2150E333-8FDC-42A3-9474-1A3956D46DE8}") = "src", "src", "{F594E7FD-1E72-4E51-A496-B019C2BA3180}"
EndProject
Project("{2150E333-8FDC-42A3-9474-1A3956D46DE8}") = "test", "test", "{422E561A-8118-4BE7-A54F-9309E4F03AAE}"
EndProject
Project("{9A19103F-16F7-4668-BE54-9A1E7A4F7556}") = "PowerShellEditorServices", "src\PowerShellEditorServices\PowerShellEditorServices.csproj", "{81E8CBCD-6319-49E7-9662-0475BD0791F4}"
EndProject
Project("{9A19103F-16F7-4668-BE54-9A1E7A4F7556}") = "PowerShellEditorServices.Test", "test\PowerShellEditorServices.Test\PowerShellEditorServices.Test.csproj", "{8ED116F4-9DDF-4C49-AB96-AE462E3D64C3}"
EndProject
Project("{9A19103F-16F7-4668-BE54-9A1E7A4F7556}") = "PowerShellEditorServices.Test.Shared", "test\PowerShellEditorServices.Test.Shared\PowerShellEditorServices.Test.Shared.csproj", "{6A20B9E9-DE66-456E-B4F5-ACFD1A95C3CA}"
EndProject
Project("{2150E333-8FDC-42A3-9474-1A3956D46DE8}") = "scripts", "scripts", "{E2316F5C-A551-4A8D-8103-E42CA6D757E2}"
	ProjectSection(SolutionItems) = preProject
		scripts\AddCopyrightHeaders.ps1 = scripts\AddCopyrightHeaders.ps1
	EndProjectSection
EndProject
Project("{9A19103F-16F7-4668-BE54-9A1E7A4F7556}") = "PowerShellEditorServices.Protocol", "src\PowerShellEditorServices.Protocol\PowerShellEditorServices.Protocol.csproj", "{F8A0946A-5D25-4651-8079-B8D5776916FB}"
EndProject
Project("{9A19103F-16F7-4668-BE54-9A1E7A4F7556}") = "PowerShellEditorServices.Test.Protocol", "test\PowerShellEditorServices.Test.Protocol\PowerShellEditorServices.Test.Protocol.csproj", "{E3A5CF5D-6E41-44AC-AE0A-4C227E4BACD4}"
EndProject
Project("{9A19103F-16F7-4668-BE54-9A1E7A4F7556}") = "PowerShellEditorServices.Test.Server", "test\PowerShellEditorServices.Test.Server\PowerShellEditorServices.Test.Server.csproj", "{3D0A1C5D-10E4-4CBC-869E-E69C75BE323A}"
EndProject
Project("{9A19103F-16F7-4668-BE54-9A1E7A4F7556}") = "PowerShellEditorServices.Server", "src\PowerShellEditorServices.Server\PowerShellEditorServices.Server.csproj", "{D90C0D32-15AC-4237-80AB-06A2C50AAB5F}"
EndProject
Global
	GlobalSection(SolutionConfigurationPlatforms) = preSolution
		Debug|Any CPU = Debug|Any CPU
		Debug|x64 = Debug|x64
		Debug|x86 = Debug|x86
		Release|Any CPU = Release|Any CPU
		Release|x64 = Release|x64
		Release|x86 = Release|x86
	EndGlobalSection
	GlobalSection(ProjectConfigurationPlatforms) = postSolution
		{81E8CBCD-6319-49E7-9662-0475BD0791F4}.Debug|Any CPU.ActiveCfg = Debug|Any CPU
		{81E8CBCD-6319-49E7-9662-0475BD0791F4}.Debug|Any CPU.Build.0 = Debug|Any CPU
		{81E8CBCD-6319-49E7-9662-0475BD0791F4}.Debug|x64.ActiveCfg = Debug|Any CPU
		{81E8CBCD-6319-49E7-9662-0475BD0791F4}.Debug|x64.Build.0 = Debug|Any CPU
		{81E8CBCD-6319-49E7-9662-0475BD0791F4}.Debug|x86.ActiveCfg = Debug|Any CPU
		{81E8CBCD-6319-49E7-9662-0475BD0791F4}.Debug|x86.Build.0 = Debug|Any CPU
		{81E8CBCD-6319-49E7-9662-0475BD0791F4}.Release|Any CPU.ActiveCfg = Release|Any CPU
		{81E8CBCD-6319-49E7-9662-0475BD0791F4}.Release|Any CPU.Build.0 = Release|Any CPU
		{81E8CBCD-6319-49E7-9662-0475BD0791F4}.Release|x64.ActiveCfg = Release|Any CPU
		{81E8CBCD-6319-49E7-9662-0475BD0791F4}.Release|x64.Build.0 = Release|Any CPU
		{81E8CBCD-6319-49E7-9662-0475BD0791F4}.Release|x86.ActiveCfg = Release|Any CPU
		{81E8CBCD-6319-49E7-9662-0475BD0791F4}.Release|x86.Build.0 = Release|Any CPU
		{8ED116F4-9DDF-4C49-AB96-AE462E3D64C3}.Debug|Any CPU.ActiveCfg = Debug|Any CPU
		{8ED116F4-9DDF-4C49-AB96-AE462E3D64C3}.Debug|Any CPU.Build.0 = Debug|Any CPU
		{8ED116F4-9DDF-4C49-AB96-AE462E3D64C3}.Debug|x64.ActiveCfg = Debug|Any CPU
		{8ED116F4-9DDF-4C49-AB96-AE462E3D64C3}.Debug|x64.Build.0 = Debug|Any CPU
		{8ED116F4-9DDF-4C49-AB96-AE462E3D64C3}.Debug|x86.ActiveCfg = Debug|Any CPU
		{8ED116F4-9DDF-4C49-AB96-AE462E3D64C3}.Debug|x86.Build.0 = Debug|Any CPU
		{8ED116F4-9DDF-4C49-AB96-AE462E3D64C3}.Release|Any CPU.ActiveCfg = Release|Any CPU
		{8ED116F4-9DDF-4C49-AB96-AE462E3D64C3}.Release|Any CPU.Build.0 = Release|Any CPU
		{8ED116F4-9DDF-4C49-AB96-AE462E3D64C3}.Release|x64.ActiveCfg = Release|Any CPU
		{8ED116F4-9DDF-4C49-AB96-AE462E3D64C3}.Release|x64.Build.0 = Release|Any CPU
		{8ED116F4-9DDF-4C49-AB96-AE462E3D64C3}.Release|x86.ActiveCfg = Release|Any CPU
		{8ED116F4-9DDF-4C49-AB96-AE462E3D64C3}.Release|x86.Build.0 = Release|Any CPU
		{6A20B9E9-DE66-456E-B4F5-ACFD1A95C3CA}.Debug|Any CPU.ActiveCfg = Debug|Any CPU
		{6A20B9E9-DE66-456E-B4F5-ACFD1A95C3CA}.Debug|Any CPU.Build.0 = Debug|Any CPU
		{6A20B9E9-DE66-456E-B4F5-ACFD1A95C3CA}.Debug|x64.ActiveCfg = Debug|Any CPU
		{6A20B9E9-DE66-456E-B4F5-ACFD1A95C3CA}.Debug|x64.Build.0 = Debug|Any CPU
		{6A20B9E9-DE66-456E-B4F5-ACFD1A95C3CA}.Debug|x86.ActiveCfg = Debug|Any CPU
		{6A20B9E9-DE66-456E-B4F5-ACFD1A95C3CA}.Debug|x86.Build.0 = Debug|Any CPU
		{6A20B9E9-DE66-456E-B4F5-ACFD1A95C3CA}.Release|Any CPU.ActiveCfg = Release|Any CPU
		{6A20B9E9-DE66-456E-B4F5-ACFD1A95C3CA}.Release|Any CPU.Build.0 = Release|Any CPU
		{6A20B9E9-DE66-456E-B4F5-ACFD1A95C3CA}.Release|x64.ActiveCfg = Release|Any CPU
		{6A20B9E9-DE66-456E-B4F5-ACFD1A95C3CA}.Release|x64.Build.0 = Release|Any CPU
		{6A20B9E9-DE66-456E-B4F5-ACFD1A95C3CA}.Release|x86.ActiveCfg = Release|Any CPU
		{6A20B9E9-DE66-456E-B4F5-ACFD1A95C3CA}.Release|x86.Build.0 = Release|Any CPU
		{F8A0946A-5D25-4651-8079-B8D5776916FB}.Debug|Any CPU.ActiveCfg = Debug|Any CPU
		{F8A0946A-5D25-4651-8079-B8D5776916FB}.Debug|Any CPU.Build.0 = Debug|Any CPU
		{F8A0946A-5D25-4651-8079-B8D5776916FB}.Debug|x64.ActiveCfg = Debug|Any CPU
		{F8A0946A-5D25-4651-8079-B8D5776916FB}.Debug|x64.Build.0 = Debug|Any CPU
		{F8A0946A-5D25-4651-8079-B8D5776916FB}.Debug|x86.ActiveCfg = Debug|Any CPU
		{F8A0946A-5D25-4651-8079-B8D5776916FB}.Debug|x86.Build.0 = Debug|Any CPU
		{F8A0946A-5D25-4651-8079-B8D5776916FB}.Release|Any CPU.ActiveCfg = Release|Any CPU
		{F8A0946A-5D25-4651-8079-B8D5776916FB}.Release|Any CPU.Build.0 = Release|Any CPU
		{F8A0946A-5D25-4651-8079-B8D5776916FB}.Release|x64.ActiveCfg = Release|Any CPU
		{F8A0946A-5D25-4651-8079-B8D5776916FB}.Release|x64.Build.0 = Release|Any CPU
		{F8A0946A-5D25-4651-8079-B8D5776916FB}.Release|x86.ActiveCfg = Release|Any CPU
		{F8A0946A-5D25-4651-8079-B8D5776916FB}.Release|x86.Build.0 = Release|Any CPU
		{E3A5CF5D-6E41-44AC-AE0A-4C227E4BACD4}.Debug|Any CPU.ActiveCfg = Debug|Any CPU
		{E3A5CF5D-6E41-44AC-AE0A-4C227E4BACD4}.Debug|Any CPU.Build.0 = Debug|Any CPU
		{E3A5CF5D-6E41-44AC-AE0A-4C227E4BACD4}.Debug|x64.ActiveCfg = Debug|Any CPU
		{E3A5CF5D-6E41-44AC-AE0A-4C227E4BACD4}.Debug|x64.Build.0 = Debug|Any CPU
		{E3A5CF5D-6E41-44AC-AE0A-4C227E4BACD4}.Debug|x86.ActiveCfg = Debug|Any CPU
		{E3A5CF5D-6E41-44AC-AE0A-4C227E4BACD4}.Debug|x86.Build.0 = Debug|Any CPU
		{E3A5CF5D-6E41-44AC-AE0A-4C227E4BACD4}.Release|Any CPU.ActiveCfg = Release|Any CPU
		{E3A5CF5D-6E41-44AC-AE0A-4C227E4BACD4}.Release|Any CPU.Build.0 = Release|Any CPU
		{E3A5CF5D-6E41-44AC-AE0A-4C227E4BACD4}.Release|x64.ActiveCfg = Release|Any CPU
		{E3A5CF5D-6E41-44AC-AE0A-4C227E4BACD4}.Release|x64.Build.0 = Release|Any CPU
		{E3A5CF5D-6E41-44AC-AE0A-4C227E4BACD4}.Release|x86.ActiveCfg = Release|Any CPU
		{E3A5CF5D-6E41-44AC-AE0A-4C227E4BACD4}.Release|x86.Build.0 = Release|Any CPU
		{3D0A1C5D-10E4-4CBC-869E-E69C75BE323A}.Debug|Any CPU.ActiveCfg = Debug|Any CPU
		{3D0A1C5D-10E4-4CBC-869E-E69C75BE323A}.Debug|Any CPU.Build.0 = Debug|Any CPU
		{3D0A1C5D-10E4-4CBC-869E-E69C75BE323A}.Debug|x64.ActiveCfg = Debug|Any CPU
		{3D0A1C5D-10E4-4CBC-869E-E69C75BE323A}.Debug|x64.Build.0 = Debug|Any CPU
		{3D0A1C5D-10E4-4CBC-869E-E69C75BE323A}.Debug|x86.ActiveCfg = Debug|Any CPU
		{3D0A1C5D-10E4-4CBC-869E-E69C75BE323A}.Debug|x86.Build.0 = Debug|Any CPU
		{3D0A1C5D-10E4-4CBC-869E-E69C75BE323A}.Release|Any CPU.ActiveCfg = Release|Any CPU
		{3D0A1C5D-10E4-4CBC-869E-E69C75BE323A}.Release|Any CPU.Build.0 = Release|Any CPU
		{3D0A1C5D-10E4-4CBC-869E-E69C75BE323A}.Release|x64.ActiveCfg = Release|Any CPU
		{3D0A1C5D-10E4-4CBC-869E-E69C75BE323A}.Release|x64.Build.0 = Release|Any CPU
		{3D0A1C5D-10E4-4CBC-869E-E69C75BE323A}.Release|x86.ActiveCfg = Release|Any CPU
		{3D0A1C5D-10E4-4CBC-869E-E69C75BE323A}.Release|x86.Build.0 = Release|Any CPU
		{D90C0D32-15AC-4237-80AB-06A2C50AAB5F}.Debug|Any CPU.ActiveCfg = Debug|Any CPU
		{D90C0D32-15AC-4237-80AB-06A2C50AAB5F}.Debug|Any CPU.Build.0 = Debug|Any CPU
		{D90C0D32-15AC-4237-80AB-06A2C50AAB5F}.Debug|x64.ActiveCfg = Debug|Any CPU
		{D90C0D32-15AC-4237-80AB-06A2C50AAB5F}.Debug|x64.Build.0 = Debug|Any CPU
		{D90C0D32-15AC-4237-80AB-06A2C50AAB5F}.Debug|x86.ActiveCfg = Debug|Any CPU
		{D90C0D32-15AC-4237-80AB-06A2C50AAB5F}.Debug|x86.Build.0 = Debug|Any CPU
		{D90C0D32-15AC-4237-80AB-06A2C50AAB5F}.Release|Any CPU.ActiveCfg = Release|Any CPU
		{D90C0D32-15AC-4237-80AB-06A2C50AAB5F}.Release|Any CPU.Build.0 = Release|Any CPU
		{D90C0D32-15AC-4237-80AB-06A2C50AAB5F}.Release|x64.ActiveCfg = Release|Any CPU
		{D90C0D32-15AC-4237-80AB-06A2C50AAB5F}.Release|x64.Build.0 = Release|Any CPU
		{D90C0D32-15AC-4237-80AB-06A2C50AAB5F}.Release|x86.ActiveCfg = Release|Any CPU
		{D90C0D32-15AC-4237-80AB-06A2C50AAB5F}.Release|x86.Build.0 = Release|Any CPU
	EndGlobalSection
	GlobalSection(SolutionProperties) = preSolution
		HideSolutionNode = FALSE
	EndGlobalSection
	GlobalSection(NestedProjects) = preSolution
		{81E8CBCD-6319-49E7-9662-0475BD0791F4} = {F594E7FD-1E72-4E51-A496-B019C2BA3180}
		{8ED116F4-9DDF-4C49-AB96-AE462E3D64C3} = {422E561A-8118-4BE7-A54F-9309E4F03AAE}
		{6A20B9E9-DE66-456E-B4F5-ACFD1A95C3CA} = {422E561A-8118-4BE7-A54F-9309E4F03AAE}
		{F8A0946A-5D25-4651-8079-B8D5776916FB} = {F594E7FD-1E72-4E51-A496-B019C2BA3180}
		{E3A5CF5D-6E41-44AC-AE0A-4C227E4BACD4} = {422E561A-8118-4BE7-A54F-9309E4F03AAE}
		{3D0A1C5D-10E4-4CBC-869E-E69C75BE323A} = {422E561A-8118-4BE7-A54F-9309E4F03AAE}
		{D90C0D32-15AC-4237-80AB-06A2C50AAB5F} = {F594E7FD-1E72-4E51-A496-B019C2BA3180}
	EndGlobalSection
EndGlobal
