
Microsoft Visual Studio Solution File, Format Version 12.00
# Visual Studio Version 16
VisualStudioVersion = 16.0.29505.145
MinimumVisualStudioVersion = 10.0.40219.1
Project("{2150E333-8FDC-42A3-9474-1A3956D46DE8}") = "src", "src", "{F594E7FD-1E72-4E51-A496-B019C2BA3180}"
EndProject
Project("{2150E333-8FDC-42A3-9474-1A3956D46DE8}") = "test", "test", "{422E561A-8118-4BE7-A54F-9309E4F03AAE}"
EndProject
Project("{9A19103F-16F7-4668-BE54-9A1E7A4F7556}") = "PowerShellEditorServices.Test.Host", "test\PowerShellEditorServices.Test.Host\PowerShellEditorServices.Test.Host.csproj", "{3A5DDD20-5BD0-42F4-89F4-ACC0CE554028}"
EndProject
Project("{9A19103F-16F7-4668-BE54-9A1E7A4F7556}") = "PowerShellEditorServices.Test", "test\PowerShellEditorServices.Test\PowerShellEditorServices.Test.csproj", "{8ED116F4-9DDF-4C49-AB96-AE462E3D64C3}"
EndProject
Project("{9A19103F-16F7-4668-BE54-9A1E7A4F7556}") = "PowerShellEditorServices.Test.Shared", "test\PowerShellEditorServices.Test.Shared\PowerShellEditorServices.Test.Shared.csproj", "{6A20B9E9-DE66-456E-B4F5-ACFD1A95C3CA}"
EndProject
Project("{2150E333-8FDC-42A3-9474-1A3956D46DE8}") = "scripts", "scripts", "{E2316F5C-A551-4A8D-8103-E42CA6D757E2}"
	ProjectSection(SolutionItems) = preProject
		scripts\AddCopyrightHeaders.ps1 = scripts\AddCopyrightHeaders.ps1
	EndProjectSection
EndProject
Project("{9A19103F-16F7-4668-BE54-9A1E7A4F7556}") = "PowerShellEditorServices.VSCode", "src\PowerShellEditorServices.VSCode\PowerShellEditorServices.VSCode.csproj", "{3B38E8DA-8BFF-4264-AF16-47929E6398A3}"
EndProject
Project("{9A19103F-16F7-4668-BE54-9A1E7A4F7556}") = "PowerShellEditorServices", "src\PowerShellEditorServices\PowerShellEditorServices.csproj", "{29EEDF03-0990-45F4-846E-2616970D1FA2}"
EndProject
Project("{9A19103F-16F7-4668-BE54-9A1E7A4F7556}") = "PowerShellEditorServices.Test.E2E", "test\PowerShellEditorServices.Test.E2E\PowerShellEditorServices.Test.E2E.csproj", "{2561F253-8F72-436A-BCC3-AA63AB82EDC0}"
EndProject
Project("{9A19103F-16F7-4668-BE54-9A1E7A4F7556}") = "PowerShellEditorServices.Hosting", "src\PowerShellEditorServices.Hosting\PowerShellEditorServices.Hosting.csproj", "{3CC791E7-6FC9-4DDE-B4A2-547266977E4E}"
EndProject
Global
	GlobalSection(SolutionConfigurationPlatforms) = preSolution
		CoreCLR|Any CPU = CoreCLR|Any CPU
		CoreCLR|x64 = CoreCLR|x64
		CoreCLR|x86 = CoreCLR|x86
		Debug|Any CPU = Debug|Any CPU
		Debug|x64 = Debug|x64
		Debug|x86 = Debug|x86
		Release|Any CPU = Release|Any CPU
		Release|x64 = Release|x64
		Release|x86 = Release|x86
	EndGlobalSection
	GlobalSection(ProjectConfigurationPlatforms) = postSolution
		{3A5DDD20-5BD0-42F4-89F4-ACC0CE554028}.CoreCLR|Any CPU.ActiveCfg = Release|Any CPU
		{3A5DDD20-5BD0-42F4-89F4-ACC0CE554028}.CoreCLR|Any CPU.Build.0 = Release|Any CPU
		{3A5DDD20-5BD0-42F4-89F4-ACC0CE554028}.CoreCLR|x64.ActiveCfg = Release|Any CPU
		{3A5DDD20-5BD0-42F4-89F4-ACC0CE554028}.CoreCLR|x64.Build.0 = Release|Any CPU
		{3A5DDD20-5BD0-42F4-89F4-ACC0CE554028}.CoreCLR|x86.ActiveCfg = Release|Any CPU
		{3A5DDD20-5BD0-42F4-89F4-ACC0CE554028}.CoreCLR|x86.Build.0 = Release|Any CPU
		{3A5DDD20-5BD0-42F4-89F4-ACC0CE554028}.Debug|Any CPU.ActiveCfg = Debug|Any CPU
		{3A5DDD20-5BD0-42F4-89F4-ACC0CE554028}.Debug|Any CPU.Build.0 = Debug|Any CPU
		{3A5DDD20-5BD0-42F4-89F4-ACC0CE554028}.Debug|x64.ActiveCfg = Debug|Any CPU
		{3A5DDD20-5BD0-42F4-89F4-ACC0CE554028}.Debug|x64.Build.0 = Debug|Any CPU
		{3A5DDD20-5BD0-42F4-89F4-ACC0CE554028}.Debug|x86.ActiveCfg = Debug|Any CPU
		{3A5DDD20-5BD0-42F4-89F4-ACC0CE554028}.Debug|x86.Build.0 = Debug|Any CPU
		{3A5DDD20-5BD0-42F4-89F4-ACC0CE554028}.Release|Any CPU.ActiveCfg = Release|Any CPU
		{3A5DDD20-5BD0-42F4-89F4-ACC0CE554028}.Release|Any CPU.Build.0 = Release|Any CPU
		{3A5DDD20-5BD0-42F4-89F4-ACC0CE554028}.Release|x64.ActiveCfg = Release|Any CPU
		{3A5DDD20-5BD0-42F4-89F4-ACC0CE554028}.Release|x64.Build.0 = Release|Any CPU
		{3A5DDD20-5BD0-42F4-89F4-ACC0CE554028}.Release|x86.ActiveCfg = Release|Any CPU
		{3A5DDD20-5BD0-42F4-89F4-ACC0CE554028}.Release|x86.Build.0 = Release|Any CPU
		{8ED116F4-9DDF-4C49-AB96-AE462E3D64C3}.CoreCLR|Any CPU.ActiveCfg = Release|Any CPU
		{8ED116F4-9DDF-4C49-AB96-AE462E3D64C3}.CoreCLR|Any CPU.Build.0 = Release|Any CPU
		{8ED116F4-9DDF-4C49-AB96-AE462E3D64C3}.CoreCLR|x64.ActiveCfg = Release|Any CPU
		{8ED116F4-9DDF-4C49-AB96-AE462E3D64C3}.CoreCLR|x64.Build.0 = Release|Any CPU
		{8ED116F4-9DDF-4C49-AB96-AE462E3D64C3}.CoreCLR|x86.ActiveCfg = Release|Any CPU
		{8ED116F4-9DDF-4C49-AB96-AE462E3D64C3}.CoreCLR|x86.Build.0 = Release|Any CPU
		{8ED116F4-9DDF-4C49-AB96-AE462E3D64C3}.Debug|Any CPU.ActiveCfg = Debug|Any CPU
		{8ED116F4-9DDF-4C49-AB96-AE462E3D64C3}.Debug|Any CPU.Build.0 = Debug|Any CPU
		{8ED116F4-9DDF-4C49-AB96-AE462E3D64C3}.Debug|x64.ActiveCfg = Debug|Any CPU
		{8ED116F4-9DDF-4C49-AB96-AE462E3D64C3}.Debug|x64.Build.0 = Debug|Any CPU
		{8ED116F4-9DDF-4C49-AB96-AE462E3D64C3}.Debug|x86.ActiveCfg = Debug|Any CPU
		{8ED116F4-9DDF-4C49-AB96-AE462E3D64C3}.Debug|x86.Build.0 = Debug|Any CPU
		{8ED116F4-9DDF-4C49-AB96-AE462E3D64C3}.Release|Any CPU.ActiveCfg = Release|Any CPU
		{8ED116F4-9DDF-4C49-AB96-AE462E3D64C3}.Release|Any CPU.Build.0 = Release|Any CPU
		{8ED116F4-9DDF-4C49-AB96-AE462E3D64C3}.Release|x64.ActiveCfg = Release|Any CPU
		{8ED116F4-9DDF-4C49-AB96-AE462E3D64C3}.Release|x64.Build.0 = Release|Any CPU
		{8ED116F4-9DDF-4C49-AB96-AE462E3D64C3}.Release|x86.ActiveCfg = Release|Any CPU
		{8ED116F4-9DDF-4C49-AB96-AE462E3D64C3}.Release|x86.Build.0 = Release|Any CPU
		{6A20B9E9-DE66-456E-B4F5-ACFD1A95C3CA}.CoreCLR|Any CPU.ActiveCfg = Release|Any CPU
		{6A20B9E9-DE66-456E-B4F5-ACFD1A95C3CA}.CoreCLR|Any CPU.Build.0 = Release|Any CPU
		{6A20B9E9-DE66-456E-B4F5-ACFD1A95C3CA}.CoreCLR|x64.ActiveCfg = Release|Any CPU
		{6A20B9E9-DE66-456E-B4F5-ACFD1A95C3CA}.CoreCLR|x64.Build.0 = Release|Any CPU
		{6A20B9E9-DE66-456E-B4F5-ACFD1A95C3CA}.CoreCLR|x86.ActiveCfg = Release|Any CPU
		{6A20B9E9-DE66-456E-B4F5-ACFD1A95C3CA}.CoreCLR|x86.Build.0 = Release|Any CPU
		{6A20B9E9-DE66-456E-B4F5-ACFD1A95C3CA}.Debug|Any CPU.ActiveCfg = Debug|Any CPU
		{6A20B9E9-DE66-456E-B4F5-ACFD1A95C3CA}.Debug|Any CPU.Build.0 = Debug|Any CPU
		{6A20B9E9-DE66-456E-B4F5-ACFD1A95C3CA}.Debug|x64.ActiveCfg = Debug|Any CPU
		{6A20B9E9-DE66-456E-B4F5-ACFD1A95C3CA}.Debug|x64.Build.0 = Debug|Any CPU
		{6A20B9E9-DE66-456E-B4F5-ACFD1A95C3CA}.Debug|x86.ActiveCfg = Debug|Any CPU
		{6A20B9E9-DE66-456E-B4F5-ACFD1A95C3CA}.Debug|x86.Build.0 = Debug|Any CPU
		{6A20B9E9-DE66-456E-B4F5-ACFD1A95C3CA}.Release|Any CPU.ActiveCfg = Release|Any CPU
		{6A20B9E9-DE66-456E-B4F5-ACFD1A95C3CA}.Release|Any CPU.Build.0 = Release|Any CPU
		{6A20B9E9-DE66-456E-B4F5-ACFD1A95C3CA}.Release|x64.ActiveCfg = Release|Any CPU
		{6A20B9E9-DE66-456E-B4F5-ACFD1A95C3CA}.Release|x64.Build.0 = Release|Any CPU
		{6A20B9E9-DE66-456E-B4F5-ACFD1A95C3CA}.Release|x86.ActiveCfg = Release|Any CPU
		{6A20B9E9-DE66-456E-B4F5-ACFD1A95C3CA}.Release|x86.Build.0 = Release|Any CPU
		{3B38E8DA-8BFF-4264-AF16-47929E6398A3}.CoreCLR|Any CPU.ActiveCfg = CoreCLR|Any CPU
		{3B38E8DA-8BFF-4264-AF16-47929E6398A3}.CoreCLR|Any CPU.Build.0 = CoreCLR|Any CPU
		{3B38E8DA-8BFF-4264-AF16-47929E6398A3}.CoreCLR|x64.ActiveCfg = CoreCLR|Any CPU
		{3B38E8DA-8BFF-4264-AF16-47929E6398A3}.CoreCLR|x64.Build.0 = CoreCLR|Any CPU
		{3B38E8DA-8BFF-4264-AF16-47929E6398A3}.CoreCLR|x86.ActiveCfg = CoreCLR|Any CPU
		{3B38E8DA-8BFF-4264-AF16-47929E6398A3}.CoreCLR|x86.Build.0 = CoreCLR|Any CPU
		{3B38E8DA-8BFF-4264-AF16-47929E6398A3}.Debug|Any CPU.ActiveCfg = Debug|Any CPU
		{3B38E8DA-8BFF-4264-AF16-47929E6398A3}.Debug|Any CPU.Build.0 = Debug|Any CPU
		{3B38E8DA-8BFF-4264-AF16-47929E6398A3}.Debug|x64.ActiveCfg = Debug|Any CPU
		{3B38E8DA-8BFF-4264-AF16-47929E6398A3}.Debug|x64.Build.0 = Debug|Any CPU
		{3B38E8DA-8BFF-4264-AF16-47929E6398A3}.Debug|x86.ActiveCfg = Debug|Any CPU
		{3B38E8DA-8BFF-4264-AF16-47929E6398A3}.Debug|x86.Build.0 = Debug|Any CPU
		{3B38E8DA-8BFF-4264-AF16-47929E6398A3}.Release|Any CPU.ActiveCfg = Release|Any CPU
		{3B38E8DA-8BFF-4264-AF16-47929E6398A3}.Release|Any CPU.Build.0 = Release|Any CPU
		{3B38E8DA-8BFF-4264-AF16-47929E6398A3}.Release|x64.ActiveCfg = Release|Any CPU
		{3B38E8DA-8BFF-4264-AF16-47929E6398A3}.Release|x64.Build.0 = Release|Any CPU
		{3B38E8DA-8BFF-4264-AF16-47929E6398A3}.Release|x86.ActiveCfg = Release|Any CPU
		{3B38E8DA-8BFF-4264-AF16-47929E6398A3}.Release|x86.Build.0 = Release|Any CPU
		{29EEDF03-0990-45F4-846E-2616970D1FA2}.CoreCLR|Any CPU.ActiveCfg = Release|Any CPU
		{29EEDF03-0990-45F4-846E-2616970D1FA2}.CoreCLR|Any CPU.Build.0 = Release|Any CPU
		{29EEDF03-0990-45F4-846E-2616970D1FA2}.CoreCLR|x64.ActiveCfg = Release|Any CPU
		{29EEDF03-0990-45F4-846E-2616970D1FA2}.CoreCLR|x64.Build.0 = Release|Any CPU
		{29EEDF03-0990-45F4-846E-2616970D1FA2}.CoreCLR|x86.ActiveCfg = Release|Any CPU
		{29EEDF03-0990-45F4-846E-2616970D1FA2}.CoreCLR|x86.Build.0 = Release|Any CPU
		{29EEDF03-0990-45F4-846E-2616970D1FA2}.Debug|Any CPU.ActiveCfg = Debug|Any CPU
		{29EEDF03-0990-45F4-846E-2616970D1FA2}.Debug|Any CPU.Build.0 = Debug|Any CPU
		{29EEDF03-0990-45F4-846E-2616970D1FA2}.Debug|x64.ActiveCfg = Debug|Any CPU
		{29EEDF03-0990-45F4-846E-2616970D1FA2}.Debug|x64.Build.0 = Debug|Any CPU
		{29EEDF03-0990-45F4-846E-2616970D1FA2}.Debug|x86.ActiveCfg = Debug|Any CPU
		{29EEDF03-0990-45F4-846E-2616970D1FA2}.Debug|x86.Build.0 = Debug|Any CPU
		{29EEDF03-0990-45F4-846E-2616970D1FA2}.Release|Any CPU.ActiveCfg = Release|Any CPU
		{29EEDF03-0990-45F4-846E-2616970D1FA2}.Release|Any CPU.Build.0 = Release|Any CPU
		{29EEDF03-0990-45F4-846E-2616970D1FA2}.Release|x64.ActiveCfg = Release|Any CPU
		{29EEDF03-0990-45F4-846E-2616970D1FA2}.Release|x64.Build.0 = Release|Any CPU
		{29EEDF03-0990-45F4-846E-2616970D1FA2}.Release|x86.ActiveCfg = Release|Any CPU
		{29EEDF03-0990-45F4-846E-2616970D1FA2}.Release|x86.Build.0 = Release|Any CPU
		{2561F253-8F72-436A-BCC3-AA63AB82EDC0}.CoreCLR|Any CPU.ActiveCfg = Release|Any CPU
		{2561F253-8F72-436A-BCC3-AA63AB82EDC0}.CoreCLR|Any CPU.Build.0 = Release|Any CPU
		{2561F253-8F72-436A-BCC3-AA63AB82EDC0}.CoreCLR|x64.ActiveCfg = Release|Any CPU
		{2561F253-8F72-436A-BCC3-AA63AB82EDC0}.CoreCLR|x64.Build.0 = Release|Any CPU
		{2561F253-8F72-436A-BCC3-AA63AB82EDC0}.CoreCLR|x86.ActiveCfg = Release|Any CPU
		{2561F253-8F72-436A-BCC3-AA63AB82EDC0}.CoreCLR|x86.Build.0 = Release|Any CPU
		{2561F253-8F72-436A-BCC3-AA63AB82EDC0}.Debug|Any CPU.ActiveCfg = Debug|Any CPU
		{2561F253-8F72-436A-BCC3-AA63AB82EDC0}.Debug|Any CPU.Build.0 = Debug|Any CPU
		{2561F253-8F72-436A-BCC3-AA63AB82EDC0}.Debug|x64.ActiveCfg = Debug|Any CPU
		{2561F253-8F72-436A-BCC3-AA63AB82EDC0}.Debug|x64.Build.0 = Debug|Any CPU
		{2561F253-8F72-436A-BCC3-AA63AB82EDC0}.Debug|x86.ActiveCfg = Debug|Any CPU
		{2561F253-8F72-436A-BCC3-AA63AB82EDC0}.Debug|x86.Build.0 = Debug|Any CPU
		{2561F253-8F72-436A-BCC3-AA63AB82EDC0}.Release|Any CPU.ActiveCfg = Release|Any CPU
		{2561F253-8F72-436A-BCC3-AA63AB82EDC0}.Release|Any CPU.Build.0 = Release|Any CPU
		{2561F253-8F72-436A-BCC3-AA63AB82EDC0}.Release|x64.ActiveCfg = Release|Any CPU
		{2561F253-8F72-436A-BCC3-AA63AB82EDC0}.Release|x64.Build.0 = Release|Any CPU
		{2561F253-8F72-436A-BCC3-AA63AB82EDC0}.Release|x86.ActiveCfg = Release|Any CPU
		{2561F253-8F72-436A-BCC3-AA63AB82EDC0}.Release|x86.Build.0 = Release|Any CPU
		{3CC791E7-6FC9-4DDE-B4A2-547266977E4E}.CoreCLR|Any CPU.ActiveCfg = Release|Any CPU
		{3CC791E7-6FC9-4DDE-B4A2-547266977E4E}.CoreCLR|Any CPU.Build.0 = Release|Any CPU
		{3CC791E7-6FC9-4DDE-B4A2-547266977E4E}.CoreCLR|x64.ActiveCfg = Release|Any CPU
		{3CC791E7-6FC9-4DDE-B4A2-547266977E4E}.CoreCLR|x64.Build.0 = Release|Any CPU
		{3CC791E7-6FC9-4DDE-B4A2-547266977E4E}.CoreCLR|x86.ActiveCfg = Release|Any CPU
		{3CC791E7-6FC9-4DDE-B4A2-547266977E4E}.CoreCLR|x86.Build.0 = Release|Any CPU
		{3CC791E7-6FC9-4DDE-B4A2-547266977E4E}.Debug|Any CPU.ActiveCfg = Debug|Any CPU
		{3CC791E7-6FC9-4DDE-B4A2-547266977E4E}.Debug|Any CPU.Build.0 = Debug|Any CPU
		{3CC791E7-6FC9-4DDE-B4A2-547266977E4E}.Debug|x64.ActiveCfg = Debug|Any CPU
		{3CC791E7-6FC9-4DDE-B4A2-547266977E4E}.Debug|x64.Build.0 = Debug|Any CPU
		{3CC791E7-6FC9-4DDE-B4A2-547266977E4E}.Debug|x86.ActiveCfg = Debug|Any CPU
		{3CC791E7-6FC9-4DDE-B4A2-547266977E4E}.Debug|x86.Build.0 = Debug|Any CPU
		{3CC791E7-6FC9-4DDE-B4A2-547266977E4E}.Release|Any CPU.ActiveCfg = Release|Any CPU
		{3CC791E7-6FC9-4DDE-B4A2-547266977E4E}.Release|Any CPU.Build.0 = Release|Any CPU
		{3CC791E7-6FC9-4DDE-B4A2-547266977E4E}.Release|x64.ActiveCfg = Release|Any CPU
		{3CC791E7-6FC9-4DDE-B4A2-547266977E4E}.Release|x64.Build.0 = Release|Any CPU
		{3CC791E7-6FC9-4DDE-B4A2-547266977E4E}.Release|x86.ActiveCfg = Release|Any CPU
		{3CC791E7-6FC9-4DDE-B4A2-547266977E4E}.Release|x86.Build.0 = Release|Any CPU
	EndGlobalSection
	GlobalSection(SolutionProperties) = preSolution
		HideSolutionNode = FALSE
	EndGlobalSection
	GlobalSection(NestedProjects) = preSolution
		{3A5DDD20-5BD0-42F4-89F4-ACC0CE554028} = {422E561A-8118-4BE7-A54F-9309E4F03AAE}
		{8ED116F4-9DDF-4C49-AB96-AE462E3D64C3} = {422E561A-8118-4BE7-A54F-9309E4F03AAE}
		{6A20B9E9-DE66-456E-B4F5-ACFD1A95C3CA} = {422E561A-8118-4BE7-A54F-9309E4F03AAE}
		{3B38E8DA-8BFF-4264-AF16-47929E6398A3} = {F594E7FD-1E72-4E51-A496-B019C2BA3180}
		{29EEDF03-0990-45F4-846E-2616970D1FA2} = {F594E7FD-1E72-4E51-A496-B019C2BA3180}
		{2561F253-8F72-436A-BCC3-AA63AB82EDC0} = {422E561A-8118-4BE7-A54F-9309E4F03AAE}
		{3CC791E7-6FC9-4DDE-B4A2-547266977E4E} = {F594E7FD-1E72-4E51-A496-B019C2BA3180}
	EndGlobalSection
	GlobalSection(ExtensibilityGlobals) = postSolution
		SolutionGuid = {3B9E8987-D4AC-426B-86F6-889126243A9A}
	EndGlobalSection
EndGlobal
